
Microsoft Visual Studio Solution File, Format Version 12.00
# Visual Studio Version 16
VisualStudioVersion = 16.0.30611.23
MinimumVisualStudioVersion = 10.0.40219.1
Project("{FAE04EC0-301F-11D3-BF4B-00C04F79EFBC}") = "SearchIconWrong.Android", "SearchIconWrong.Android\SearchIconWrong.Android.csproj", "{5201CD42-5216-4F90-A8E9-77F841AF854A}"
EndProject
Project("{FAE04EC0-301F-11D3-BF4B-00C04F79EFBC}") = "SearchIconWrong.iOS", "SearchIconWrong.iOS\SearchIconWrong.iOS.csproj", "{987BA929-E738-4281-B096-547262B8362C}"
EndProject
Project("{FAE04EC0-301F-11D3-BF4B-00C04F79EFBC}") = "SearchIconWrong", "SearchIconWrong\SearchIconWrong.csproj", "{E7A8C2F8-5938-46FF-B05B-4582B1AF916A}"
EndProject
Global
	GlobalSection(SolutionConfigurationPlatforms) = preSolution
		Debug|Any CPU = Debug|Any CPU
		Debug|iPhone = Debug|iPhone
		Debug|iPhoneSimulator = Debug|iPhoneSimulator
		Release|Any CPU = Release|Any CPU
		Release|iPhone = Release|iPhone
		Release|iPhoneSimulator = Release|iPhoneSimulator
	EndGlobalSection
	GlobalSection(ProjectConfigurationPlatforms) = postSolution
		{5201CD42-5216-4F90-A8E9-77F841AF854A}.Debug|Any CPU.ActiveCfg = Debug|Any CPU
		{5201CD42-5216-4F90-A8E9-77F841AF854A}.Debug|Any CPU.Build.0 = Debug|Any CPU
		{5201CD42-5216-4F90-A8E9-77F841AF854A}.Debug|Any CPU.Deploy.0 = Debug|Any CPU
		{5201CD42-5216-4F90-A8E9-77F841AF854A}.Debug|iPhone.ActiveCfg = Debug|Any CPU
		{5201CD42-5216-4F90-A8E9-77F841AF854A}.Debug|iPhone.Build.0 = Debug|Any CPU
		{5201CD42-5216-4F90-A8E9-77F841AF854A}.Debug|iPhone.Deploy.0 = Debug|Any CPU
		{5201CD42-5216-4F90-A8E9-77F841AF854A}.Debug|iPhoneSimulator.ActiveCfg = Debug|Any CPU
		{5201CD42-5216-4F90-A8E9-77F841AF854A}.Debug|iPhoneSimulator.Build.0 = Debug|Any CPU
		{5201CD42-5216-4F90-A8E9-77F841AF854A}.Debug|iPhoneSimulator.Deploy.0 = Debug|Any CPU
		{5201CD42-5216-4F90-A8E9-77F841AF854A}.Release|Any CPU.ActiveCfg = Release|Any CPU
		{5201CD42-5216-4F90-A8E9-77F841AF854A}.Release|Any CPU.Build.0 = Release|Any CPU
		{5201CD42-5216-4F90-A8E9-77F841AF854A}.Release|Any CPU.Deploy.0 = Release|Any CPU
		{5201CD42-5216-4F90-A8E9-77F841AF854A}.Release|iPhone.ActiveCfg = Release|Any CPU
		{5201CD42-5216-4F90-A8E9-77F841AF854A}.Release|iPhone.Build.0 = Release|Any CPU
		{5201CD42-5216-4F90-A8E9-77F841AF854A}.Release|iPhone.Deploy.0 = Release|Any CPU
		{5201CD42-5216-4F90-A8E9-77F841AF854A}.Release|iPhoneSimulator.ActiveCfg = Release|Any CPU
		{5201CD42-5216-4F90-A8E9-77F841AF854A}.Release|iPhoneSimulator.Build.0 = Release|Any CPU
		{5201CD42-5216-4F90-A8E9-77F841AF854A}.Release|iPhoneSimulator.Deploy.0 = Release|Any CPU
		{987BA929-E738-4281-B096-547262B8362C}.Debug|Any CPU.ActiveCfg = Debug|iPhone
		{987BA929-E738-4281-B096-547262B8362C}.Debug|Any CPU.Build.0 = Debug|iPhone
		{987BA929-E738-4281-B096-547262B8362C}.Debug|Any CPU.Deploy.0 = Debug|iPhone
		{987BA929-E738-4281-B096-547262B8362C}.Debug|iPhone.ActiveCfg = Debug|iPhone
		{987BA929-E738-4281-B096-547262B8362C}.Debug|iPhone.Build.0 = Debug|iPhone
		{987BA929-E738-4281-B096-547262B8362C}.Debug|iPhone.Deploy.0 = Debug|iPhone
		{987BA929-E738-4281-B096-547262B8362C}.Debug|iPhoneSimulator.ActiveCfg = Debug|iPhoneSimulator
		{987BA929-E738-4281-B096-547262B8362C}.Debug|iPhoneSimulator.Build.0 = Debug|iPhoneSimulator
		{987BA929-E738-4281-B096-547262B8362C}.Debug|iPhoneSimulator.Deploy.0 = Debug|iPhoneSimulator
		{987BA929-E738-4281-B096-547262B8362C}.Release|Any CPU.ActiveCfg = Release|iPhoneSimulator
		{987BA929-E738-4281-B096-547262B8362C}.Release|Any CPU.Build.0 = Release|iPhoneSimulator
		{987BA929-E738-4281-B096-547262B8362C}.Release|Any CPU.Deploy.0 = Release|iPhoneSimulator
		{987BA929-E738-4281-B096-547262B8362C}.Release|iPhone.ActiveCfg = Release|iPhone
		{987BA929-E738-4281-B096-547262B8362C}.Release|iPhone.Build.0 = Release|iPhone
		{987BA929-E738-4281-B096-547262B8362C}.Release|iPhone.Deploy.0 = Release|iPhone
		{987BA929-E738-4281-B096-547262B8362C}.Release|iPhoneSimulator.ActiveCfg = Release|iPhoneSimulator
		{987BA929-E738-4281-B096-547262B8362C}.Release|iPhoneSimulator.Build.0 = Release|iPhoneSimulator
		{987BA929-E738-4281-B096-547262B8362C}.Release|iPhoneSimulator.Deploy.0 = Release|iPhoneSimulator
		{E7A8C2F8-5938-46FF-B05B-4582B1AF916A}.Debug|Any CPU.ActiveCfg = Debug|Any CPU
		{E7A8C2F8-5938-46FF-B05B-4582B1AF916A}.Debug|Any CPU.Build.0 = Debug|Any CPU
		{E7A8C2F8-5938-46FF-B05B-4582B1AF916A}.Debug|Any CPU.Deploy.0 = Debug|Any CPU
		{E7A8C2F8-5938-46FF-B05B-4582B1AF916A}.Debug|iPhone.ActiveCfg = Debug|Any CPU
		{E7A8C2F8-5938-46FF-B05B-4582B1AF916A}.Debug|iPhone.Build.0 = Debug|Any CPU
		{E7A8C2F8-5938-46FF-B05B-4582B1AF916A}.Debug|iPhone.Deploy.0 = Debug|Any CPU
		{E7A8C2F8-5938-46FF-B05B-4582B1AF916A}.Debug|iPhoneSimulator.ActiveCfg = Debug|Any CPU
		{E7A8C2F8-5938-46FF-B05B-4582B1AF916A}.Debug|iPhoneSimulator.Build.0 = Debug|Any CPU
		{E7A8C2F8-5938-46FF-B05B-4582B1AF916A}.Debug|iPhoneSimulator.Deploy.0 = Debug|Any CPU
		{E7A8C2F8-5938-46FF-B05B-4582B1AF916A}.Release|Any CPU.ActiveCfg = Release|Any CPU
		{E7A8C2F8-5938-46FF-B05B-4582B1AF916A}.Release|Any CPU.Build.0 = Release|Any CPU
		{E7A8C2F8-5938-46FF-B05B-4582B1AF916A}.Release|Any CPU.Deploy.0 = Release|Any CPU
		{E7A8C2F8-5938-46FF-B05B-4582B1AF916A}.Release|iPhone.ActiveCfg = Release|Any CPU
		{E7A8C2F8-5938-46FF-B05B-4582B1AF916A}.Release|iPhone.Build.0 = Release|Any CPU
		{E7A8C2F8-5938-46FF-B05B-4582B1AF916A}.Release|iPhone.Deploy.0 = Release|Any CPU
		{E7A8C2F8-5938-46FF-B05B-4582B1AF916A}.Release|iPhoneSimulator.ActiveCfg = Release|Any CPU
		{E7A8C2F8-5938-46FF-B05B-4582B1AF916A}.Release|iPhoneSimulator.Build.0 = Release|Any CPU
		{E7A8C2F8-5938-46FF-B05B-4582B1AF916A}.Release|iPhoneSimulator.Deploy.0 = Release|Any CPU
	EndGlobalSection
	GlobalSection(SolutionProperties) = preSolution
		HideSolutionNode = FALSE
	EndGlobalSection
	GlobalSection(ExtensibilityGlobals) = postSolution
		SolutionGuid = {6AB46BC0-0BD7-4B68-BE3B-E8BB555907DE}
	EndGlobalSection
EndGlobal
